// !$*UTF8*$!
{
	archiveVersion = 1;
	classes = {
	};
	objectVersion = 55;
	objects = {

/* Begin PBXBuildFile section */
		35CD8447275D946C009C5F02 /* MovieDetailsViewController.swift in Sources */ = {isa = PBXBuildFile; fileRef = 35CD8446275D946C009C5F02 /* MovieDetailsViewController.swift */; };
		35CD8449275DA745009C5F02 /* MovieGridViewController.swift in Sources */ = {isa = PBXBuildFile; fileRef = 35CD8448275DA745009C5F02 /* MovieGridViewController.swift */; };
		35CD844B275DBA92009C5F02 /* MovieGridCell.swift in Sources */ = {isa = PBXBuildFile; fileRef = 35CD844A275DBA92009C5F02 /* MovieGridCell.swift */; };
		35DFE43F2748B5C60027E18C /* AppDelegate.swift in Sources */ = {isa = PBXBuildFile; fileRef = 35DFE43E2748B5C60027E18C /* AppDelegate.swift */; };
		35DFE4412748B5C60027E18C /* SceneDelegate.swift in Sources */ = {isa = PBXBuildFile; fileRef = 35DFE4402748B5C60027E18C /* SceneDelegate.swift */; };
		35DFE4432748B5C60027E18C /* ViewController.swift in Sources */ = {isa = PBXBuildFile; fileRef = 35DFE4422748B5C60027E18C /* ViewController.swift */; };
		35DFE4462748B5C60027E18C /* Main.storyboard in Resources */ = {isa = PBXBuildFile; fileRef = 35DFE4442748B5C60027E18C /* Main.storyboard */; };
		35DFE4482748B5C70027E18C /* Assets.xcassets in Resources */ = {isa = PBXBuildFile; fileRef = 35DFE4472748B5C70027E18C /* Assets.xcassets */; };
		35DFE44B2748B5C70027E18C /* LaunchScreen.storyboard in Resources */ = {isa = PBXBuildFile; fileRef = 35DFE4492748B5C70027E18C /* LaunchScreen.storyboard */; };
		35EF5CBA2749E64800B2D45F /* MoiveCellTableViewCell.swift in Sources */ = {isa = PBXBuildFile; fileRef = 35EF5CB92749E64800B2D45F /* MoiveCellTableViewCell.swift */; };
		35EF5CBD2749F06400B2D45F /* AlamofireImage in Frameworks */ = {isa = PBXBuildFile; productRef = 35EF5CBC2749F06400B2D45F /* AlamofireImage */; };
		A8FBF178F5CE6D0257A89845 /* Pods_Flix.framework in Frameworks */ = {isa = PBXBuildFile; fileRef = ACE785260D210584B4194384 /* Pods_Flix.framework */; };
/* End PBXBuildFile section */

/* Begin PBXFileReference section */
		35CD8446275D946C009C5F02 /* MovieDetailsViewController.swift */ = {isa = PBXFileReference; lastKnownFileType = sourcecode.swift; path = MovieDetailsViewController.swift; sourceTree = "<group>"; };
		35CD8448275DA745009C5F02 /* MovieGridViewController.swift */ = {isa = PBXFileReference; lastKnownFileType = sourcecode.swift; path = MovieGridViewController.swift; sourceTree = "<group>"; };
		35CD844A275DBA92009C5F02 /* MovieGridCell.swift */ = {isa = PBXFileReference; lastKnownFileType = sourcecode.swift; path = MovieGridCell.swift; sourceTree = "<group>"; };
		35DFE43B2748B5C60027E18C /* Flix.app */ = {isa = PBXFileReference; explicitFileType = wrapper.application; includeInIndex = 0; path = Flix.app; sourceTree = BUILT_PRODUCTS_DIR; };
		35DFE43E2748B5C60027E18C /* AppDelegate.swift */ = {isa = PBXFileReference; lastKnownFileType = sourcecode.swift; path = AppDelegate.swift; sourceTree = "<group>"; };
		35DFE4402748B5C60027E18C /* SceneDelegate.swift */ = {isa = PBXFileReference; lastKnownFileType = sourcecode.swift; path = SceneDelegate.swift; sourceTree = "<group>"; };
		35DFE4422748B5C60027E18C /* ViewController.swift */ = {isa = PBXFileReference; lastKnownFileType = sourcecode.swift; path = ViewController.swift; sourceTree = "<group>"; };
		35DFE4452748B5C60027E18C /* Base */ = {isa = PBXFileReference; lastKnownFileType = file.storyboard; name = Base; path = Base.lproj/Main.storyboard; sourceTree = "<group>"; };
		35DFE4472748B5C70027E18C /* Assets.xcassets */ = {isa = PBXFileReference; lastKnownFileType = folder.assetcatalog; path = Assets.xcassets; sourceTree = "<group>"; };
		35DFE44A2748B5C70027E18C /* Base */ = {isa = PBXFileReference; lastKnownFileType = file.storyboard; name = Base; path = Base.lproj/LaunchScreen.storyboard; sourceTree = "<group>"; };
		35DFE44C2748B5C70027E18C /* Info.plist */ = {isa = PBXFileReference; lastKnownFileType = text.plist.xml; path = Info.plist; sourceTree = "<group>"; };
		35EF5CB92749E64800B2D45F /* MoiveCellTableViewCell.swift */ = {isa = PBXFileReference; lastKnownFileType = sourcecode.swift; path = MoiveCellTableViewCell.swift; sourceTree = "<group>"; };
		4B824D4066124BFB7A4AAFF3 /* Pods-Flix.debug.xcconfig */ = {isa = PBXFileReference; includeInIndex = 1; lastKnownFileType = text.xcconfig; name = "Pods-Flix.debug.xcconfig"; path = "Target Support Files/Pods-Flix/Pods-Flix.debug.xcconfig"; sourceTree = "<group>"; };
		7A62AEFD47785D04D803A35A /* Pods-Flix.release.xcconfig */ = {isa = PBXFileReference; includeInIndex = 1; lastKnownFileType = text.xcconfig; name = "Pods-Flix.release.xcconfig"; path = "Target Support Files/Pods-Flix/Pods-Flix.release.xcconfig"; sourceTree = "<group>"; };
		ACE785260D210584B4194384 /* Pods_Flix.framework */ = {isa = PBXFileReference; explicitFileType = wrapper.framework; includeInIndex = 0; path = Pods_Flix.framework; sourceTree = BUILT_PRODUCTS_DIR; };
/* End PBXFileReference section */

/* Begin PBXFrameworksBuildPhase section */
		35DFE4382748B5C60027E18C /* Frameworks */ = {
			isa = PBXFrameworksBuildPhase;
			buildActionMask = 2147483647;
			files = (
				35EF5CBD2749F06400B2D45F /* AlamofireImage in Frameworks */,
				A8FBF178F5CE6D0257A89845 /* Pods_Flix.framework in Frameworks */,
			);
			runOnlyForDeploymentPostprocessing = 0;
		};
/* End PBXFrameworksBuildPhase section */

/* Begin PBXGroup section */
		14D58CC7C475DD1D5D1BE93E /* Frameworks */ = {
			isa = PBXGroup;
			children = (
				ACE785260D210584B4194384 /* Pods_Flix.framework */,
			);
			name = Frameworks;
			sourceTree = "<group>";
		};
		35DFE4322748B5C60027E18C = {
			isa = PBXGroup;
			children = (
				35DFE43D2748B5C60027E18C /* Flix */,
				35DFE43C2748B5C60027E18C /* Products */,
				C7BAECEF00244618472D9132 /* Pods */,
				14D58CC7C475DD1D5D1BE93E /* Frameworks */,
			);
			sourceTree = "<group>";
		};
		35DFE43C2748B5C60027E18C /* Products */ = {
			isa = PBXGroup;
			children = (
				35DFE43B2748B5C60027E18C /* Flix.app */,
			);
			name = Products;
			sourceTree = "<group>";
		};
		35DFE43D2748B5C60027E18C /* Flix */ = {
			isa = PBXGroup;
			children = (
				35DFE43E2748B5C60027E18C /* AppDelegate.swift */,
				35DFE4402748B5C60027E18C /* SceneDelegate.swift */,
				35DFE4422748B5C60027E18C /* ViewController.swift */,
				35DFE4442748B5C60027E18C /* Main.storyboard */,
				35EF5CB92749E64800B2D45F /* MoiveCellTableViewCell.swift */,
				35DFE4472748B5C70027E18C /* Assets.xcassets */,
				35DFE4492748B5C70027E18C /* LaunchScreen.storyboard */,
				35DFE44C2748B5C70027E18C /* Info.plist */,
				35CD8446275D946C009C5F02 /* MovieDetailsViewController.swift */,
				35CD8448275DA745009C5F02 /* MovieGridViewController.swift */,
				35CD844A275DBA92009C5F02 /* MovieGridCell.swift */,
			);
			path = Flix;
			sourceTree = "<group>";
		};
		C7BAECEF00244618472D9132 /* Pods */ = {
			isa = PBXGroup;
			children = (
				4B824D4066124BFB7A4AAFF3 /* Pods-Flix.debug.xcconfig */,
				7A62AEFD47785D04D803A35A /* Pods-Flix.release.xcconfig */,
			);
			path = Pods;
			sourceTree = "<group>";
		};
/* End PBXGroup section */

/* Begin PBXNativeTarget section */
		35DFE43A2748B5C60027E18C /* Flix */ = {
			isa = PBXNativeTarget;
			buildConfigurationList = 35DFE44F2748B5C70027E18C /* Build configuration list for PBXNativeTarget "Flix" */;
			buildPhases = (
				B43FE82B54F061041B447259 /* [CP] Check Pods Manifest.lock */,
				35DFE4372748B5C60027E18C /* Sources */,
				35DFE4382748B5C60027E18C /* Frameworks */,
				35DFE4392748B5C60027E18C /* Resources */,
				D8C99F072121F010FAA102DE /* [CP] Embed Pods Frameworks */,
			);
			buildRules = (
			);
			dependencies = (
			);
			name = Flix;
			packageProductDependencies = (
				35EF5CBC2749F06400B2D45F /* AlamofireImage */,
			);
			productName = Flix;
			productReference = 35DFE43B2748B5C60027E18C /* Flix.app */;
			productType = "com.apple.product-type.application";
		};
/* End PBXNativeTarget section */

/* Begin PBXProject section */
		35DFE4332748B5C60027E18C /* Project object */ = {
			isa = PBXProject;
			attributes = {
				BuildIndependentTargetsInParallel = 1;
				LastSwiftUpdateCheck = 1310;
				LastUpgradeCheck = 1310;
				TargetAttributes = {
					35DFE43A2748B5C60027E18C = {
						CreatedOnToolsVersion = 13.1;
					};
				};
			};
			buildConfigurationList = 35DFE4362748B5C60027E18C /* Build configuration list for PBXProject "Flix" */;
			compatibilityVersion = "Xcode 13.0";
			developmentRegion = en;
			hasScannedForEncodings = 0;
			knownRegions = (
				en,
				Base,
			);
			mainGroup = 35DFE4322748B5C60027E18C;
			packageReferences = (
				35EF5CBB2749F06400B2D45F /* XCRemoteSwiftPackageReference "AlamofireImage" */,
			);
			productRefGroup = 35DFE43C2748B5C60027E18C /* Products */;
			projectDirPath = "";
			projectRoot = "";
			targets = (
				35DFE43A2748B5C60027E18C /* Flix */,
			);
		};
/* End PBXProject section */

/* Begin PBXResourcesBuildPhase section */
		35DFE4392748B5C60027E18C /* Resources */ = {
			isa = PBXResourcesBuildPhase;
			buildActionMask = 2147483647;
			files = (
				35DFE44B2748B5C70027E18C /* LaunchScreen.storyboard in Resources */,
				35DFE4482748B5C70027E18C /* Assets.xcassets in Resources */,
				35DFE4462748B5C60027E18C /* Main.storyboard in Resources */,
			);
			runOnlyForDeploymentPostprocessing = 0;
		};
/* End PBXResourcesBuildPhase section */

/* Begin PBXShellScriptBuildPhase section */
		B43FE82B54F061041B447259 /* [CP] Check Pods Manifest.lock */ = {
			isa = PBXShellScriptBuildPhase;
			buildActionMask = 2147483647;
			files = (
			);
			inputFileListPaths = (
			);
			inputPaths = (
				"${PODS_PODFILE_DIR_PATH}/Podfile.lock",
				"${PODS_ROOT}/Manifest.lock",
			);
			name = "[CP] Check Pods Manifest.lock";
			outputFileListPaths = (
			);
			outputPaths = (
				"$(DERIVED_FILE_DIR)/Pods-Flix-checkManifestLockResult.txt",
			);
			runOnlyForDeploymentPostprocessing = 0;
			shellPath = /bin/sh;
			shellScript = "diff \"${PODS_PODFILE_DIR_PATH}/Podfile.lock\" \"${PODS_ROOT}/Manifest.lock\" > /dev/null\nif [ $? != 0 ] ; then\n    # print error to STDERR\n    echo \"error: The sandbox is not in sync with the Podfile.lock. Run 'pod install' or update your CocoaPods installation.\" >&2\n    exit 1\nfi\n# This output is used by Xcode 'outputs' to avoid re-running this script phase.\necho \"SUCCESS\" > \"${SCRIPT_OUTPUT_FILE_0}\"\n";
			showEnvVarsInLog = 0;
		};
		D8C99F072121F010FAA102DE /* [CP] Embed Pods Frameworks */ = {
			isa = PBXShellScriptBuildPhase;
			buildActionMask = 2147483647;
			files = (
			);
			inputFileListPaths = (
				"${PODS_ROOT}/Target Support Files/Pods-Flix/Pods-Flix-frameworks-${CONFIGURATION}-input-files.xcfilelist",
			);
			name = "[CP] Embed Pods Frameworks";
			outputFileListPaths = (
				"${PODS_ROOT}/Target Support Files/Pods-Flix/Pods-Flix-frameworks-${CONFIGURATION}-output-files.xcfilelist",
			);
			runOnlyForDeploymentPostprocessing = 0;
			shellPath = /bin/sh;
			shellScript = "\"${PODS_ROOT}/Target Support Files/Pods-Flix/Pods-Flix-frameworks.sh\"\n";
			showEnvVarsInLog = 0;
		};
/* End PBXShellScriptBuildPhase section */

/* Begin PBXSourcesBuildPhase section */
		35DFE4372748B5C60027E18C /* Sources */ = {
			isa = PBXSourcesBuildPhase;
			buildActionMask = 2147483647;
			files = (
				35CD8447275D946C009C5F02 /* MovieDetailsViewController.swift in Sources */,
				35DFE4432748B5C60027E18C /* ViewController.swift in Sources */,
				35DFE43F2748B5C60027E18C /* AppDelegate.swift in Sources */,
				35EF5CBA2749E64800B2D45F /* MoiveCellTableViewCell.swift in Sources */,
				35DFE4412748B5C60027E18C /* SceneDelegate.swift in Sources */,
				35CD8449275DA745009C5F02 /* MovieGridViewController.swift in Sources */,
				35CD844B275DBA92009C5F02 /* MovieGridCell.swift in Sources */,
			);
			runOnlyForDeploymentPostprocessing = 0;
		};
/* End PBXSourcesBuildPhase section */

/* Begin PBXVariantGroup section */
		35DFE4442748B5C60027E18C /* Main.storyboard */ = {
			isa = PBXVariantGroup;
			children = (
				35DFE4452748B5C60027E18C /* Base */,
			);
			name = Main.storyboard;
			sourceTree = "<group>";
		};
		35DFE4492748B5C70027E18C /* LaunchScreen.storyboard */ = {
			isa = PBXVariantGroup;
			children = (
				35DFE44A2748B5C70027E18C /* Base */,
			);
			name = LaunchScreen.storyboard;
			sourceTree = "<group>";
		};
/* End PBXVariantGroup section */

/* Begin XCBuildConfiguration section */
		35DFE44D2748B5C70027E18C /* Debug */ = {
			isa = XCBuildConfiguration;
			buildSettings = {
				ALWAYS_SEARCH_USER_PATHS = NO;
				CLANG_ANALYZER_NONNULL = YES;
				CLANG_ANALYZER_NUMBER_OBJECT_CONVERSION = YES_AGGRESSIVE;
				CLANG_CXX_LANGUAGE_STANDARD = "gnu++17";
				CLANG_CXX_LIBRARY = "libc++";
				CLANG_ENABLE_MODULES = YES;
				CLANG_ENABLE_OBJC_ARC = YES;
				CLANG_ENABLE_OBJC_WEAK = YES;
				CLANG_WARN_BLOCK_CAPTURE_AUTORELEASING = YES;
				CLANG_WARN_BOOL_CONVERSION = YES;
				CLANG_WARN_COMMA = YES;
				CLANG_WARN_CONSTANT_CONVERSION = YES;
				CLANG_WARN_DEPRECATED_OBJC_IMPLEMENTATIONS = YES;
				CLANG_WARN_DIRECT_OBJC_ISA_USAGE = YES_ERROR;
				CLANG_WARN_DOCUMENTATION_COMMENTS = YES;
				CLANG_WARN_EMPTY_BODY = YES;
				CLANG_WARN_ENUM_CONVERSION = YES;
				CLANG_WARN_INFINITE_RECURSION = YES;
				CLANG_WARN_INT_CONVERSION = YES;
				CLANG_WARN_NON_LITERAL_NULL_CONVERSION = YES;
				CLANG_WARN_OBJC_IMPLICIT_RETAIN_SELF = YES;
				CLANG_WARN_OBJC_LITERAL_CONVERSION = YES;
				CLANG_WARN_OBJC_ROOT_CLASS = YES_ERROR;
				CLANG_WARN_QUOTED_INCLUDE_IN_FRAMEWORK_HEADER = YES;
				CLANG_WARN_RANGE_LOOP_ANALYSIS = YES;
				CLANG_WARN_STRICT_PROTOTYPES = YES;
				CLANG_WARN_SUSPICIOUS_MOVE = YES;
				CLANG_WARN_UNGUARDED_AVAILABILITY = YES_AGGRESSIVE;
				CLANG_WARN_UNREACHABLE_CODE = YES;
				CLANG_WARN__DUPLICATE_METHOD_MATCH = YES;
				COPY_PHASE_STRIP = NO;
				DEBUG_INFORMATION_FORMAT = dwarf;
				ENABLE_STRICT_OBJC_MSGSEND = YES;
				ENABLE_TESTABILITY = YES;
				GCC_C_LANGUAGE_STANDARD = gnu11;
				GCC_DYNAMIC_NO_PIC = NO;
				GCC_NO_COMMON_BLOCKS = YES;
				GCC_OPTIMIZATION_LEVEL = 0;
				GCC_PREPROCESSOR_DEFINITIONS = (
					"DEBUG=1",
					"$(inherited)",
				);
				GCC_WARN_64_TO_32_BIT_CONVERSION = YES;
				GCC_WARN_ABOUT_RETURN_TYPE = YES_ERROR;
				GCC_WARN_UNDECLARED_SELECTOR = YES;
				GCC_WARN_UNINITIALIZED_AUTOS = YES_AGGRESSIVE;
				GCC_WARN_UNUSED_FUNCTION = YES;
				GCC_WARN_UNUSED_VARIABLE = YES;
				IPHONEOS_DEPLOYMENT_TARGET = 15.0;
				MTL_ENABLE_DEBUG_INFO = INCLUDE_SOURCE;
				MTL_FAST_MATH = YES;
				ONLY_ACTIVE_ARCH = YES;
				SDKROOT = iphoneos;
				SWIFT_ACTIVE_COMPILATION_CONDITIONS = DEBUG;
				SWIFT_OPTIMIZATION_LEVEL = "-Onone";
			};
			name = Debug;
		};
		35DFE44E2748B5C70027E18C /* Release */ = {
			isa = XCBuildConfiguration;
			buildSettings = {
				ALWAYS_SEARCH_USER_PATHS = NO;
				CLANG_ANALYZER_NONNULL = YES;
				CLANG_ANALYZER_NUMBER_OBJECT_CONVERSION = YES_AGGRESSIVE;
				CLANG_CXX_LANGUAGE_STANDARD = "gnu++17";
				CLANG_CXX_LIBRARY = "libc++";
				CLANG_ENABLE_MODULES = YES;
				CLANG_ENABLE_OBJC_ARC = YES;
				CLANG_ENABLE_OBJC_WEAK = YES;
				CLANG_WARN_BLOCK_CAPTURE_AUTORELEASING = YES;
				CLANG_WARN_BOOL_CONVERSION = YES;
				CLANG_WARN_COMMA = YES;
				CLANG_WARN_CONSTANT_CONVERSION = YES;
				CLANG_WARN_DEPRECATED_OBJC_IMPLEMENTATIONS = YES;
				CLANG_WARN_DIRECT_OBJC_ISA_USAGE = YES_ERROR;
				CLANG_WARN_DOCUMENTATION_COMMENTS = YES;
				CLANG_WARN_EMPTY_BODY = YES;
				CLANG_WARN_ENUM_CONVERSION = YES;
				CLANG_WARN_INFINITE_RECURSION = YES;
				CLANG_WARN_INT_CONVERSION = YES;
				CLANG_WARN_NON_LITERAL_NULL_CONVERSION = YES;
				CLANG_WARN_OBJC_IMPLICIT_RETAIN_SELF = YES;
				CLANG_WARN_OBJC_LITERAL_CONVERSION = YES;
				CLANG_WARN_OBJC_ROOT_CLASS = YES_ERROR;
				CLANG_WARN_QUOTED_INCLUDE_IN_FRAMEWORK_HEADER = YES;
				CLANG_WARN_RANGE_LOOP_ANALYSIS = YES;
				CLANG_WARN_STRICT_PROTOTYPES = YES;
				CLANG_WARN_SUSPICIOUS_MOVE = YES;
				CLANG_WARN_UNGUARDED_AVAILABILITY = YES_AGGRESSIVE;
				CLANG_WARN_UNREACHABLE_CODE = YES;
				CLANG_WARN__DUPLICATE_METHOD_MATCH = YES;
				COPY_PHASE_STRIP = NO;
				DEBUG_INFORMATION_FORMAT = "dwarf-with-dsym";
				ENABLE_NS_ASSERTIONS = NO;
				ENABLE_STRICT_OBJC_MSGSEND = YES;
				GCC_C_LANGUAGE_STANDARD = gnu11;
				GCC_NO_COMMON_BLOCKS = YES;
				GCC_WARN_64_TO_32_BIT_CONVERSION = YES;
				GCC_WARN_ABOUT_RETURN_TYPE = YES_ERROR;
				GCC_WARN_UNDECLARED_SELECTOR = YES;
				GCC_WARN_UNINITIALIZED_AUTOS = YES_AGGRESSIVE;
				GCC_WARN_UNUSED_FUNCTION = YES;
				GCC_WARN_UNUSED_VARIABLE = YES;
				IPHONEOS_DEPLOYMENT_TARGET = 15.0;
				MTL_ENABLE_DEBUG_INFO = NO;
				MTL_FAST_MATH = YES;
				SDKROOT = iphoneos;
				SWIFT_COMPILATION_MODE = wholemodule;
				SWIFT_OPTIMIZATION_LEVEL = "-O";
				VALIDATE_PRODUCT = YES;
			};
			name = Release;
		};
		35DFE4502748B5C70027E18C /* Debug */ = {
			isa = XCBuildConfiguration;
			baseConfigurationReference = 4B824D4066124BFB7A4AAFF3 /* Pods-Flix.debug.xcconfig */;
			buildSettings = {
				ASSETCATALOG_COMPILER_APPICON_NAME = AppIcon;
				ASSETCATALOG_COMPILER_GLOBAL_ACCENT_COLOR_NAME = AccentColor;
				CODE_SIGN_STYLE = Automatic;
				CURRENT_PROJECT_VERSION = 1;
				DEVELOPMENT_TEAM = 4FK8J6LPXL;
				GENERATE_INFOPLIST_FILE = YES;
				INFOPLIST_FILE = Flix/Info.plist;
				INFOPLIST_KEY_UIApplicationSupportsIndirectInputEvents = YES;
				INFOPLIST_KEY_UILaunchStoryboardName = LaunchScreen;
				INFOPLIST_KEY_UIMainStoryboardFile = Main;
				INFOPLIST_KEY_UISupportedInterfaceOrientations = UIInterfaceOrientationPortrait;
				INFOPLIST_KEY_UISupportedInterfaceOrientations_iPad = "UIInterfaceOrientationPortrait UIInterfaceOrientationPortraitUpsideDown UIInterfaceOrientationLandscapeLeft UIInterfaceOrientationLandscapeRight";
				INFOPLIST_KEY_UISupportedInterfaceOrientations_iPhone = "UIInterfaceOrientationPortrait UIInterfaceOrientationLandscapeLeft UIInterfaceOrientationLandscapeRight";
				IPHONEOS_DEPLOYMENT_TARGET = 14.0;
				LD_RUNPATH_SEARCH_PATHS = (
					"$(inherited)",
					"@executable_path/Frameworks",
				);
				MARKETING_VERSION = 1.0;
				PRODUCT_BUNDLE_IDENTIFIER = co.JairefF.Flix;
				PRODUCT_NAME = "$(TARGET_NAME)";
				SWIFT_EMIT_LOC_STRINGS = YES;
				SWIFT_VERSION = 5.0;
				TARGETED_DEVICE_FAMILY = 1;
			};
			name = Debug;
		};
		35DFE4512748B5C70027E18C /* Release */ = {
			isa = XCBuildConfiguration;
			baseConfigurationReference = 7A62AEFD47785D04D803A35A /* Pods-Flix.release.xcconfig */;
			buildSettings = {
				ASSETCATALOG_COMPILER_APPICON_NAME = AppIcon;
				ASSETCATALOG_COMPILER_GLOBAL_ACCENT_COLOR_NAME = AccentColor;
				CODE_SIGN_STYLE = Automatic;
				CURRENT_PROJECT_VERSION = 1;
				DEVELOPMENT_TEAM = 4FK8J6LPXL;
				GENERATE_INFOPLIST_FILE = YES;
				INFOPLIST_FILE = Flix/Info.plist;
				INFOPLIST_KEY_UIApplicationSupportsIndirectInputEvents = YES;
				INFOPLIST_KEY_UILaunchStoryboardName = LaunchScreen;
				INFOPLIST_KEY_UIMainStoryboardFile = Main;
				INFOPLIST_KEY_UISupportedInterfaceOrientations = UIInterfaceOrientationPortrait;
				INFOPLIST_KEY_UISupportedInterfaceOrientations_iPad = "UIInterfaceOrientationPortrait UIInterfaceOrientationPortraitUpsideDown UIInterfaceOrientationLandscapeLeft UIInterfaceOrientationLandscapeRight";
				INFOPLIST_KEY_UISupportedInterfaceOrientations_iPhone = "UIInterfaceOrientationPortrait UIInterfaceOrientationLandscapeLeft UIInterfaceOrientationLandscapeRight";
				IPHONEOS_DEPLOYMENT_TARGET = 14.0;
				LD_RUNPATH_SEARCH_PATHS = (
					"$(inherited)",
					"@executable_path/Frameworks",
				);
				MARKETING_VERSION = 1.0;
				PRODUCT_BUNDLE_IDENTIFIER = co.JairefF.Flix;
				PRODUCT_NAME = "$(TARGET_NAME)";
				SWIFT_EMIT_LOC_STRINGS = YES;
				SWIFT_VERSION = 5.0;
				TARGETED_DEVICE_FAMILY = 1;
			};
			name = Release;
		};
/* End XCBuildConfiguration section */

/* Begin XCConfigurationList section */
		35DFE4362748B5C60027E18C /* Build configuration list for PBXProject "Flix" */ = {
			isa = XCConfigurationList;
			buildConfigurations = (
				35DFE44D2748B5C70027E18C /* Debug */,
				35DFE44E2748B5C70027E18C /* Release */,
			);
			defaultConfigurationIsVisible = 0;
			defaultConfigurationName = Release;
		};
		35DFE44F2748B5C70027E18C /* Build configuration list for PBXNativeTarget "Flix" */ = {
			isa = XCConfigurationList;
			buildConfigurations = (
				35DFE4502748B5C70027E18C /* Debug */,
				35DFE4512748B5C70027E18C /* Release */,
			);
			defaultConfigurationIsVisible = 0;
			defaultConfigurationName = Release;
		};
/* End XCConfigurationList section */

/* Begin XCRemoteSwiftPackageReference section */
		35EF5CBB2749F06400B2D45F /* XCRemoteSwiftPackageReference "AlamofireImage" */ = {
			isa = XCRemoteSwiftPackageReference;
			repositoryURL = "https://github.com/Alamofire/AlamofireImage";
			requirement = {
				kind = upToNextMajorVersion;
				minimumVersion = 4.0.0;
			};
		};
/* End XCRemoteSwiftPackageReference section */

/* Begin XCSwiftPackageProductDependency section */
		35EF5CBC2749F06400B2D45F /* AlamofireImage */ = {
			isa = XCSwiftPackageProductDependency;
			package = 35EF5CBB2749F06400B2D45F /* XCRemoteSwiftPackageReference "AlamofireImage" */;
			productName = AlamofireImage;
		};
/* End XCSwiftPackageProductDependency section */
	};
	rootObject = 35DFE4332748B5C60027E18C /* Project object */;
}
